hash: 635acabc8c2acb1a26f5f612150d9601c8bff07c351decc7af217f862dfdca6d
updated: 2016-09-04T16:40:07.687848149+03:00
imports:
- name: github.com/docker/distribution
  version: 12acdf0a6c1e56d965ac6eb395d2bce687bf22fc
  subpackages:
  - context
  - uuid
  - reference
  - digest
- name: github.com/docker/engine-api
  version: 3d1601b9d2436a70b0dfc045a23f6503d19195df
  subpackages:
  - client
  - types
  - client/transport
  - client/transport/cancellable
  - types/container
  - types/filters
  - types/network
  - types/reference
  - types/registry
  - types/swarm
  - types/time
  - types/versions
  - types/blkiodev
  - types/strslice
- name: github.com/docker/go-connections
  version: 988efe982fdecb46f01d53465878ff1f2ff411ce
  subpackages:
  - sockets
  - tlsconfig
  - nat
- name: github.com/docker/go-units
  version: 2c1805a1c750c4ea749899f49221e1d5f3e5ce42
- name: github.com/gorilla/context
  version: 14f550f51af52180c2eefed15e5fd18d63c0a64a
- name: github.com/gorilla/mux
  version: e444e69cbd2e2e3e0749a2f3c717cec491552bbf
- name: github.com/Microsoft/go-winio
  version: ce2922f643c8fd76b46cadc7f404a06282678b34
- name: github.com/opencontainers/runc
  version: 10da74affeaadaae883056ed646d832029a0d2ff
  subpackages:
  - libcontainer/user
- name: github.com/Sirupsen/logrus
  version: 4b6ea7319e214d98c938f12692336f7ca9348d6b
- name: golang.org/x/net
  version: 4876518f9e71663000c348837735820161a42df7
  subpackages:
  - context
  - context/ctxhttp
  - http2
  - http2/hpack
  - internal/timeseries
  - trace
  - proxy
- name: golang.org/x/sys
  version: a646d33e2ee3172a661fc09bca23bb4889a41bc8
  subpackages:
  - unix
  - windows
- name: gopkg.in/olivere/elastic.v3
  version: f9fd15e1ea3a50bbe58c72a4b8820499fe3bb0e1
  subpackages:
  - backoff
  - uritemplates
testImports: []
